
Microsoft Visual Studio Solution File, Format Version 12.00
# Visual Studio Version 16
VisualStudioVersion = 16.0.31321.278
MinimumVisualStudioVersion = 10.0.40219.1
Project("{FAE04EC0-301F-11D3-BF4B-00C04F79EFBC}") = "Proje", "Proje\Proje.csproj", "{6545DEB5-EA57-4154-8B03-515B20FCFF90}"
EndProject
Global
	GlobalSection(SolutionConfigurationPlatforms) = preSolution
		Debug|Any CPU = Debug|Any CPU
		Release|Any CPU = Release|Any CPU
	EndGlobalSection
	GlobalSection(ProjectConfigurationPlatforms) = postSolution
		{6545DEB5-EA57-4154-8B03-515B20FCFF90}.Debug|Any CPU.ActiveCfg = Debug|Any CPU
		{6545DEB5-EA57-4154-8B03-515B20FCFF90}.Debug|Any CPU.Build.0 = Debug|Any CPU
		{6545DEB5-EA57-4154-8B03-515B20FCFF90}.Release|Any CPU.ActiveCfg = Release|Any CPU
		{6545DEB5-EA57-4154-8B03-515B20FCFF90}.Release|Any CPU.Build.0 = Release|Any CPU
	EndGlobalSection
	GlobalSection(SolutionProperties) = preSolution
		HideSolutionNode = FALSE
	EndGlobalSection
	GlobalSection(ExtensibilityGlobals) = postSolution
		SolutionGuid = {ED726F96-9589-4E3F-8468-75EBEDCE2636}
	EndGlobalSection
EndGlobal
